
Microsoft Visual Studio Solution File, Format Version 12.00
# Visual Studio 14
VisualStudioVersion = 14.0.25420.1
MinimumVisualStudioVersion = 10.0.40219.1
Project("{FAE04EC0-301F-11D3-BF4B-00C04F79EFBC}") = "SpotiFind", "SpotiFind\SpotiFind.csproj", "{19AF95D1-F482-4CB1-8673-1BEC8BE1DB0D}"
EndProject
Project("{FAE04EC0-301F-11D3-BF4B-00C04F79EFBC}") = "WebApplication", "WebApplication\WebApplication.csproj", "{8C089CB3-27F0-4ECB-A0CB-0BA5AD732503}"
EndProject
Global
	GlobalSection(SolutionConfigurationPlatforms) = preSolution
		Debug|Any CPU = Debug|Any CPU
		Release|Any CPU = Release|Any CPU
	EndGlobalSection
	GlobalSection(ProjectConfigurationPlatforms) = postSolution
		{19AF95D1-F482-4CB1-8673-1BEC8BE1DB0D}.Debug|Any CPU.ActiveCfg = Debug|Any CPU
		{19AF95D1-F482-4CB1-8673-1BEC8BE1DB0D}.Debug|Any CPU.Build.0 = Debug|Any CPU
		{19AF95D1-F482-4CB1-8673-1BEC8BE1DB0D}.Release|Any CPU.ActiveCfg = Release|Any CPU
		{19AF95D1-F482-4CB1-8673-1BEC8BE1DB0D}.Release|Any CPU.Build.0 = Release|Any CPU
		{8C089CB3-27F0-4ECB-A0CB-0BA5AD732503}.Debug|Any CPU.ActiveCfg = Debug|Any CPU
		{8C089CB3-27F0-4ECB-A0CB-0BA5AD732503}.Debug|Any CPU.Build.0 = Debug|Any CPU
		{8C089CB3-27F0-4ECB-A0CB-0BA5AD732503}.Release|Any CPU.ActiveCfg = Release|Any CPU
		{8C089CB3-27F0-4ECB-A0CB-0BA5AD732503}.Release|Any CPU.Build.0 = Release|Any CPU
	EndGlobalSection
	GlobalSection(SolutionProperties) = preSolution
		HideSolutionNode = FALSE
	EndGlobalSection
EndGlobal
